{
  "name": "netcontrol-agent",
  "version": "1.0.2",
  "lockfileVersion": 3,
  "requires": true,
  "packages": {
    "": {
      "name": "netcontrol-agent",
      "version": "1.0.2",
      "license": "MIT",
      "dependencies": {
        "systeminformation": "^5.31.16"
      },
      "bin": {
        "netcontrol-agent": "netcontrol-agent.js"
      }
    },
    "node_modules/systeminformation": {
      "version": "5.31.16",
      "resolved": "https://registry.npmjs.org/systeminformation/-/systeminformation-5.31.16.tgz",
      "integrity": "sha512-37NsFaeaqwYxanLgdJAGWj8OXIRgvSBsDXGhlC0uUoHyl9nf4HrNsZjqtQ9Gc99bj9FQpffzYccPVuQ6gpjfqg==",
      "license": "MIT",
      "os": [
        "darwin",
        "linux",
        "win32",
        "freebsd",
        "openbsd",
        "netbsd",
        "sunos",
        "android"
      ],
      "bin": {
        "systeminformation": "lib/cli.js"
      },
      "engines": {
        "node": ">=8.0.0"
      },
      "funding": {
        "type": "Buy me a coffee",
        "url": "https://www.buymeacoffee.com/systeminfo"
      }
    }
  }
}
